
Microsoft Visual Studio Solution File, Format Version 12.00
# Visual Studio Version 17
VisualStudioVersion = 17.10.35122.118
MinimumVisualStudioVersion = 10.0.40219.1
Project("{9A19103F-16F7-4668-BE54-9A1E7A4F7556}") = "ModOfFantasies", "ModOfFantasies.csproj", "{16A12FF1-99A9-4E89-8A8D-689FB265A184}"
EndProject
Global
	GlobalSection(SolutionConfigurationPlatforms) = preSolution
		Debug|Any CPU = Debug|Any CPU
		Release|Any CPU = Release|Any CPU
	EndGlobalSection
	GlobalSection(ProjectConfigurationPlatforms) = postSolution
		{16A12FF1-99A9-4E89-8A8D-689FB265A184}.Debug|Any CPU.ActiveCfg = Debug|Any CPU
		{16A12FF1-99A9-4E89-8A8D-689FB265A184}.Debug|Any CPU.Build.0 = Debug|Any CPU
		{16A12FF1-99A9-4E89-8A8D-689FB265A184}.Release|Any CPU.ActiveCfg = Release|Any CPU
		{16A12FF1-99A9-4E89-8A8D-689FB265A184}.Release|Any CPU.Build.0 = Release|Any CPU
	EndGlobalSection
	GlobalSection(SolutionProperties) = preSolution
		HideSolutionNode = FALSE
	EndGlobalSection
	GlobalSection(ExtensibilityGlobals) = postSolution
		SolutionGuid = {781083F0-A9E5-4714-986A-E3B17D79780F}
	EndGlobalSection
EndGlobal
